// !$*UTF8*$!
{
	archiveVersion = 1;
	classes = {
	};
	objectVersion = 46;
	objects = {

/* Begin PBXBuildFile section */
		132900361CC8F6C3EA2D1B72 /* DecimalConverterSpec.m in Sources */ = {isa = PBXBuildFile; fileRef = 13290B0DE6895920C02F108A /* DecimalConverterSpec.m */; };
		132901008505EAE6BEC9EFEA /* OperationValidatorSpec.m in Sources */ = {isa = PBXBuildFile; fileRef = 1329042280F5581C262C9ED2 /* OperationValidatorSpec.m */; };
		13290146457D875E29EA8B42 /* AddOperator.h in Headers */ = {isa = PBXBuildFile; fileRef = 13290FA580B93A699503B488 /* AddOperator.h */; };
		132901BED199B90D7E15BF32 /* DecimalOperationsSpec.m in Sources */ = {isa = PBXBuildFile; fileRef = 1329024350ADA44111971C04 /* DecimalOperationsSpec.m */; };
		132901EA839830954E783200 /* Variable.m in Sources */ = {isa = PBXBuildFile; fileRef = 1329018DE7CE2A623245787D /* Variable.m */; };
		1329030ED26312F8A860C50D /* OperationValidator.h in Headers */ = {isa = PBXBuildFile; fileRef = 132909AB71B05A7B6E2F5D59 /* OperationValidator.h */; };
		13290398E7C26D1909C279C1 /* DivideOperator.h in Headers */ = {isa = PBXBuildFile; fileRef = 132909EE13C6DFBDDB692C5B /* DivideOperator.h */; };
		132903C3E436ED68DB8803B0 /* OperationConverterSpec.m in Sources */ = {isa = PBXBuildFile; fileRef = 13290E833DDFDEB6FA7C14CE /* OperationConverterSpec.m */; };
		132903C7A33FDFE20A2EB396 /* DivideOperator.m in Sources */ = {isa = PBXBuildFile; fileRef = 13290F5EFE29032EDDC50EF4 /* DivideOperator.m */; };
		132903CD494ABE4C20FFE2FD /* Variable.h in Headers */ = {isa = PBXBuildFile; fileRef = 132905F071F04F04D72E59B3 /* Variable.h */; };
		132903D604E54E6D8FF4DB95 /* OperatorProtocol.h in Headers */ = {isa = PBXBuildFile; fileRef = 13290AC490BF9CA19067CE1C /* OperatorProtocol.h */; };
		132903D8D365F2085AF318EA /* DecimalOperations.m in Sources */ = {isa = PBXBuildFile; fileRef = 132903C40C708E69BFFA5E18 /* DecimalOperations.m */; };
		132904058AE69AB76143BB3B /* CloseBracket.m in Sources */ = {isa = PBXBuildFile; fileRef = 13290393DA121BFC2A27D6FD /* CloseBracket.m */; };
		132904B6B127C1938EA7E553 /* OpenBracket.m in Sources */ = {isa = PBXBuildFile; fileRef = 132904C281ADAC40BC7D7F69 /* OpenBracket.m */; };
		132904F605743EC58CEC1838 /* OperationConverter.m in Sources */ = {isa = PBXBuildFile; fileRef = 13290DF481910291C035F747 /* OperationConverter.m */; };
		1329063B6F1D7B2DE033A8BA /* OperatorFactory.m in Sources */ = {isa = PBXBuildFile; fileRef = 13290C43AF09CEB35E22E75E /* OperatorFactory.m */; };
		132906E292E41A345EF33636 /* OperatorFactory.h in Headers */ = {isa = PBXBuildFile; fileRef = 1329077D49844603CFC46D4F /* OperatorFactory.h */; };
		13290728C272DB64FC10CFF5 /* OperationObjectProtocol.h in Headers */ = {isa = PBXBuildFile; fileRef = 132909A0B99EA0F971853927 /* OperationObjectProtocol.h */; };
		1329075D8EE689224E74064A /* DecimalConverter.h in Headers */ = {isa = PBXBuildFile; fileRef = 1329075579D2B1F5F00D8B70 /* DecimalConverter.h */; };
		1329078FBDBA0D7632E22B30 /* OpenBracket.h in Headers */ = {isa = PBXBuildFile; fileRef = 1329079CAE7813E9E9F2A8A1 /* OpenBracket.h */; };
		132907A6885CD59B7F72B5FE /* ErrorFactory.m in Sources */ = {isa = PBXBuildFile; fileRef = 13290C62C2826BF4FEED2CA2 /* ErrorFactory.m */; };
		13290810C84A5D3DB2B8A058 /* SubtractOperator.h in Headers */ = {isa = PBXBuildFile; fileRef = 132901AF2D1AD34B4094AB03 /* SubtractOperator.h */; };
		1329089C1E7F41CF88E37E2C /* ErrorFactory.h in Headers */ = {isa = PBXBuildFile; fileRef = 13290DBE98BD099230EF1997 /* ErrorFactory.h */; };
		132908E5B48178BB768B27DF /* OperationCalculator.m in Sources */ = {isa = PBXBuildFile; fileRef = 13290AE1A740E76B2B723A22 /* OperationCalculator.m */; };
		13290913BA6541FBFC9EC047 /* DecimalOperations.h in Headers */ = {isa = PBXBuildFile; fileRef = 132904269B5B4DFAE192B827 /* DecimalOperations.h */; settings = {ATTRIBUTES = (Public, ); }; };
		132909417D8955EFACAB4218 /* AddOperator.m in Sources */ = {isa = PBXBuildFile; fileRef = 13290446E9304FC5EC34105D /* AddOperator.m */; };
		13290994AC4A3F6F6FA8C5EB /* OperationCalculatorSpec.m in Sources */ = {isa = PBXBuildFile; fileRef = 132907B4885074F0C749A3C3 /* OperationCalculatorSpec.m */; };
		13290A08B5348295891D9B8A /* OperatorFactorySpec.m in Sources */ = {isa = PBXBuildFile; fileRef = 13290DEF479A63318C60C74C /* OperatorFactorySpec.m */; };
		13290AAE7FA71FB9AAABB5AB /* OperationValidator.m in Sources */ = {isa = PBXBuildFile; fileRef = 132902089A57F9AB74084656 /* OperationValidator.m */; };
		13290AF228DAD17B36548412 /* NonValueObjectProtocol.h in Headers */ = {isa = PBXBuildFile; fileRef = 13290F69BB455931580A5AD5 /* NonValueObjectProtocol.h */; };
		13290BF9EAB6654C3623B5AB /* OperationConverter.h in Headers */ = {isa = PBXBuildFile; fileRef = 13290760C389599B76D34A92 /* OperationConverter.h */; };
		13290C16EC1C85AFC263961F /* MultiplyOperator.h in Headers */ = {isa = PBXBuildFile; fileRef = 13290F30D7C180C41E82CE91 /* MultiplyOperator.h */; };
		13290C5130D43E6AA171A1CD /* OperationCalculator.h in Headers */ = {isa = PBXBuildFile; fileRef = 132902FC893A282AD3BE8572 /* OperationCalculator.h */; };
		13290D47AB12F7CDD6FBDF84 /* CloseBracket.h in Headers */ = {isa = PBXBuildFile; fileRef = 132907D9457EE7038686E950 /* CloseBracket.h */; };
		13290DF2C9790EC482CBBAE3 /* MultiplyOperator.m in Sources */ = {isa = PBXBuildFile; fileRef = 1329098C7DC364F26E3F9C42 /* MultiplyOperator.m */; };
		13290E1D324784CB836D6078 /* DecimalConverter.m in Sources */ = {isa = PBXBuildFile; fileRef = 13290C051DD460F71EAB2A8D /* DecimalConverter.m */; };
		13290F0432C303DA8A944A7C /* SubtractOperator.m in Sources */ = {isa = PBXBuildFile; fileRef = 132900FE5B95F69AFF414C48 /* SubtractOperator.m */; };
		71B6C0A1BF67FEFE8C1EA437 /* libPods-MGDecimalOperationsTests.a in Frameworks */ = {isa = PBXBuildFile; fileRef = AE459114C0F3E0AB1A1F7145 /* libPods-MGDecimalOperationsTests.a */; };
		9FBE6869A12D6404CDC9B9F4 /* libPods-MGDecimalOperations.a in Frameworks */ = {isa = PBXBuildFile; fileRef = 920FF198002EF69D1C66A690 /* libPods-MGDecimalOperations.a */; };
		AFFF3DEF1D6D947600CCA836 /* MGDecimalOperations.h in Headers */ = {isa = PBXBuildFile; fileRef = AFFF3DEE1D6D947600CCA836 /* MGDecimalOperations.h */; settings = {ATTRIBUTES = (Public, ); }; };
		AFFF3DF61D6D947600CCA836 /* MGDecimalOperations.framework in Frameworks */ = {isa = PBXBuildFile; fileRef = AFFF3DEB1D6D947600CCA836 /* MGDecimalOperations.framework */; };
/* End PBXBuildFile section */

/* Begin PBXContainerItemProxy section */
		AFFF3DF71D6D947600CCA836 /* PBXContainerItemProxy */ = {
			isa = PBXContainerItemProxy;
			containerPortal = AFFF3DE21D6D947500CCA836 /* Project object */;
			proxyType = 1;
			remoteGlobalIDString = AFFF3DEA1D6D947600CCA836;
			remoteInfo = MGDecimalOperations;
		};
/* End PBXContainerItemProxy section */

/* Begin PBXFileReference section */
		0379EEBDD80E1022B93C3C13 /* Pods-MGDecimalOperations.release.xcconfig */ = {isa = PBXFileReference; includeInIndex = 1; lastKnownFileType = text.xcconfig; name = "Pods-MGDecimalOperations.release.xcconfig"; path = "Pods/Target Support Files/Pods-MGDecimalOperations/Pods-MGDecimalOperations.release.xcconfig"; sourceTree = "<group>"; };
		132900FE5B95F69AFF414C48 /* SubtractOperator.m */ = {isa = PBXFileReference; fileEncoding = 4; lastKnownFileType = sourcecode.c.objc; path = SubtractOperator.m; sourceTree = "<group>"; };
		1329010D9B24DD6762F01C7E /* Info.plist */ = {isa = PBXFileReference; fileEncoding = 4; lastKnownFileType = text.plist.info; path = Info.plist; sourceTree = "<group>"; };
		1329018DE7CE2A623245787D /* Variable.m */ = {isa = PBXFileReference; fileEncoding = 4; lastKnownFileType = sourcecode.c.objc; path = Variable.m; sourceTree = "<group>"; };
		132901AF2D1AD34B4094AB03 /* SubtractOperator.h */ = {isa = PBXFileReference; fileEncoding = 4; lastKnownFileType = sourcecode.c.h; path = SubtractOperator.h; sourceTree = "<group>"; };
		132902089A57F9AB74084656 /* OperationValidator.m */ = {isa = PBXFileReference; fileEncoding = 4; lastKnownFileType = sourcecode.c.objc; path = OperationValidator.m; sourceTree = "<group>"; };
		1329024350ADA44111971C04 /* DecimalOperationsSpec.m */ = {isa = PBXFileReference; fileEncoding = 4; lastKnownFileType = sourcecode.c.objc; path = DecimalOperationsSpec.m; sourceTree = "<group>"; };
		132902FC893A282AD3BE8572 /* OperationCalculator.h */ = {isa = PBXFileReference; fileEncoding = 4; lastKnownFileType = sourcecode.c.h; path = OperationCalculator.h; sourceTree = "<group>"; };
		13290393DA121BFC2A27D6FD /* CloseBracket.m */ = {isa = PBXFileReference; fileEncoding = 4; lastKnownFileType = sourcecode.c.objc; path = CloseBracket.m; sourceTree = "<group>"; };
		132903C40C708E69BFFA5E18 /* DecimalOperations.m */ = {isa = PBXFileReference; fileEncoding = 4; lastKnownFileType = sourcecode.c.objc; path = DecimalOperations.m; sourceTree = "<group>"; };
		1329042280F5581C262C9ED2 /* OperationValidatorSpec.m */ = {isa = PBXFileReference; fileEncoding = 4; lastKnownFileType = sourcecode.c.objc; path = OperationValidatorSpec.m; sourceTree = "<group>"; };
		132904269B5B4DFAE192B827 /* DecimalOperations.h */ = {isa = PBXFileReference; fileEncoding = 4; lastKnownFileType = sourcecode.c.h; path = DecimalOperations.h; sourceTree = "<group>"; };
		13290446E9304FC5EC34105D /* AddOperator.m */ = {isa = PBXFileReference; fileEncoding = 4; lastKnownFileType = sourcecode.c.objc; path = AddOperator.m; sourceTree = "<group>"; };
		132904C281ADAC40BC7D7F69 /* OpenBracket.m */ = {isa = PBXFileReference; fileEncoding = 4; lastKnownFileType = sourcecode.c.objc; path = OpenBracket.m; sourceTree = "<group>"; };
		132905F071F04F04D72E59B3 /* Variable.h */ = {isa = PBXFileReference; fileEncoding = 4; lastKnownFileType = sourcecode.c.h; path = Variable.h; sourceTree = "<group>"; };
		1329075579D2B1F5F00D8B70 /* DecimalConverter.h */ = {isa = PBXFileReference; fileEncoding = 4; lastKnownFileType = sourcecode.c.h; path = DecimalConverter.h; sourceTree = "<group>"; };
		13290760C389599B76D34A92 /* OperationConverter.h */ = {isa = PBXFileReference; fileEncoding = 4; lastKnownFileType = sourcecode.c.h; path = OperationConverter.h; sourceTree = "<group>"; };
		1329077D49844603CFC46D4F /* OperatorFactory.h */ = {isa = PBXFileReference; fileEncoding = 4; lastKnownFileType = sourcecode.c.h; path = OperatorFactory.h; sourceTree = "<group>"; };
		1329079CAE7813E9E9F2A8A1 /* OpenBracket.h */ = {isa = PBXFileReference; fileEncoding = 4; lastKnownFileType = sourcecode.c.h; path = OpenBracket.h; sourceTree = "<group>"; };
		132907B4885074F0C749A3C3 /* OperationCalculatorSpec.m */ = {isa = PBXFileReference; fileEncoding = 4; lastKnownFileType = sourcecode.c.objc; path = OperationCalculatorSpec.m; sourceTree = "<group>"; };
		132907D9457EE7038686E950 /* CloseBracket.h */ = {isa = PBXFileReference; fileEncoding = 4; lastKnownFileType = sourcecode.c.h; path = CloseBracket.h; sourceTree = "<group>"; };
		1329098C7DC364F26E3F9C42 /* MultiplyOperator.m */ = {isa = PBXFileReference; fileEncoding = 4; lastKnownFileType = sourcecode.c.objc; path = MultiplyOperator.m; sourceTree = "<group>"; };
		132909A0B99EA0F971853927 /* OperationObjectProtocol.h */ = {isa = PBXFileReference; fileEncoding = 4; lastKnownFileType = sourcecode.c.h; path = OperationObjectProtocol.h; sourceTree = "<group>"; };
		132909AB71B05A7B6E2F5D59 /* OperationValidator.h */ = {isa = PBXFileReference; fileEncoding = 4; lastKnownFileType = sourcecode.c.h; path = OperationValidator.h; sourceTree = "<group>"; };
		132909DB9DB71F036BB04005 /* Info.plist */ = {isa = PBXFileReference; fileEncoding = 4; lastKnownFileType = text.plist.info; path = Info.plist; sourceTree = "<group>"; };
		132909EE13C6DFBDDB692C5B /* DivideOperator.h */ = {isa = PBXFileReference; fileEncoding = 4; lastKnownFileType = sourcecode.c.h; path = DivideOperator.h; sourceTree = "<group>"; };
		13290AC490BF9CA19067CE1C /* OperatorProtocol.h */ = {isa = PBXFileReference; fileEncoding = 4; lastKnownFileType = sourcecode.c.h; path = OperatorProtocol.h; sourceTree = "<group>"; };
		13290AE1A740E76B2B723A22 /* OperationCalculator.m */ = {isa = PBXFileReference; fileEncoding = 4; lastKnownFileType = sourcecode.c.objc; path = OperationCalculator.m; sourceTree = "<group>"; };
		13290B0DE6895920C02F108A /* DecimalConverterSpec.m */ = {isa = PBXFileReference; fileEncoding = 4; lastKnownFileType = sourcecode.c.objc; path = DecimalConverterSpec.m; sourceTree = "<group>"; };
		13290C051DD460F71EAB2A8D /* DecimalConverter.m */ = {isa = PBXFileReference; fileEncoding = 4; lastKnownFileType = sourcecode.c.objc; path = DecimalConverter.m; sourceTree = "<group>"; };
		13290C43AF09CEB35E22E75E /* OperatorFactory.m */ = {isa = PBXFileReference; fileEncoding = 4; lastKnownFileType = sourcecode.c.objc; path = OperatorFactory.m; sourceTree = "<group>"; };
		13290C62C2826BF4FEED2CA2 /* ErrorFactory.m */ = {isa = PBXFileReference; fileEncoding = 4; lastKnownFileType = sourcecode.c.objc; path = ErrorFactory.m; sourceTree = "<group>"; };
		13290DBE98BD099230EF1997 /* ErrorFactory.h */ = {isa = PBXFileReference; fileEncoding = 4; lastKnownFileType = sourcecode.c.h; path = ErrorFactory.h; sourceTree = "<group>"; };
		13290DEF479A63318C60C74C /* OperatorFactorySpec.m */ = {isa = PBXFileReference; fileEncoding = 4; lastKnownFileType = sourcecode.c.objc; path = OperatorFactorySpec.m; sourceTree = "<group>"; };
		13290DF481910291C035F747 /* OperationConverter.m */ = {isa = PBXFileReference; fileEncoding = 4; lastKnownFileType = sourcecode.c.objc; path = OperationConverter.m; sourceTree = "<group>"; };
		13290E833DDFDEB6FA7C14CE /* OperationConverterSpec.m */ = {isa = PBXFileReference; fileEncoding = 4; lastKnownFileType = sourcecode.c.objc; path = OperationConverterSpec.m; sourceTree = "<group>"; };
		13290F30D7C180C41E82CE91 /* MultiplyOperator.h */ = {isa = PBXFileReference; fileEncoding = 4; lastKnownFileType = sourcecode.c.h; path = MultiplyOperator.h; sourceTree = "<group>"; };
		13290F5EFE29032EDDC50EF4 /* DivideOperator.m */ = {isa = PBXFileReference; fileEncoding = 4; lastKnownFileType = sourcecode.c.objc; path = DivideOperator.m; sourceTree = "<group>"; };
		13290F69BB455931580A5AD5 /* NonValueObjectProtocol.h */ = {isa = PBXFileReference; fileEncoding = 4; lastKnownFileType = sourcecode.c.h; path = NonValueObjectProtocol.h; sourceTree = "<group>"; };
		13290FA580B93A699503B488 /* AddOperator.h */ = {isa = PBXFileReference; fileEncoding = 4; lastKnownFileType = sourcecode.c.h; path = AddOperator.h; sourceTree = "<group>"; };
		723FCE0BB1F6620AC1748224 /* Pods-MGDecimalOperationsTests.debug.xcconfig */ = {isa = PBXFileReference; includeInIndex = 1; lastKnownFileType = text.xcconfig; name = "Pods-MGDecimalOperationsTests.debug.xcconfig"; path = "Pods/Target Support Files/Pods-MGDecimalOperationsTests/Pods-MGDecimalOperationsTests.debug.xcconfig"; sourceTree = "<group>"; };
		920FF198002EF69D1C66A690 /* libPods-MGDecimalOperations.a */ = {isa = PBXFileReference; explicitFileType = archive.ar; includeInIndex = 0; path = "libPods-MGDecimalOperations.a"; sourceTree = BUILT_PRODUCTS_DIR; };
		AE459114C0F3E0AB1A1F7145 /* libPods-MGDecimalOperationsTests.a */ = {isa = PBXFileReference; explicitFileType = archive.ar; includeInIndex = 0; path = "libPods-MGDecimalOperationsTests.a"; sourceTree = BUILT_PRODUCTS_DIR; };
		AFFF3DEB1D6D947600CCA836 /* MGDecimalOperations.framework */ = {isa = PBXFileReference; explicitFileType = wrapper.framework; includeInIndex = 0; path = MGDecimalOperations.framework; sourceTree = BUILT_PRODUCTS_DIR; };
		AFFF3DEE1D6D947600CCA836 /* MGDecimalOperations.h */ = {isa = PBXFileReference; lastKnownFileType = sourcecode.c.h; path = MGDecimalOperations.h; sourceTree = "<group>"; };
		AFFF3DF51D6D947600CCA836 /* MGDecimalOperationsTests.xctest */ = {isa = PBXFileReference; explicitFileType = wrapper.cfbundle; includeInIndex = 0; path = MGDecimalOperationsTests.xctest; sourceTree = BUILT_PRODUCTS_DIR; };
		AFFF3E051D6D9D6F00CCA836 /* SpecHelper.h */ = {isa = PBXFileReference; fileEncoding = 4; lastKnownFileType = sourcecode.c.h; path = SpecHelper.h; sourceTree = "<group>"; };
		D933CEBA1B9886B56F23D287 /* Pods-MGDecimalOperations.debug.xcconfig */ = {isa = PBXFileReference; includeInIndex = 1; lastKnownFileType = text.xcconfig; name = "Pods-MGDecimalOperations.debug.xcconfig"; path = "Pods/Target Support Files/Pods-MGDecimalOperations/Pods-MGDecimalOperations.debug.xcconfig"; sourceTree = "<group>"; };
		F4757AA39F0E528D4E2428D4 /* Pods-MGDecimalOperationsTests.release.xcconfig */ = {isa = PBXFileReference; includeInIndex = 1; lastKnownFileType = text.xcconfig; name = "Pods-MGDecimalOperationsTests.release.xcconfig"; path = "Pods/Target Support Files/Pods-MGDecimalOperationsTests/Pods-MGDecimalOperationsTests.release.xcconfig"; sourceTree = "<group>"; };
/* End PBXFileReference section */

/* Begin PBXFrameworksBuildPhase section */
		AFFF3DE71D6D947600CCA836 /* Frameworks */ = {
			isa = PBXFrameworksBuildPhase;
			buildActionMask = 2147483647;
			files = (
				9FBE6869A12D6404CDC9B9F4 /* libPods-MGDecimalOperations.a in Frameworks */,
			);
			runOnlyForDeploymentPostprocessing = 0;
		};
		AFFF3DF21D6D947600CCA836 /* Frameworks */ = {
			isa = PBXFrameworksBuildPhase;
			buildActionMask = 2147483647;
			files = (
				AFFF3DF61D6D947600CCA836 /* MGDecimalOperations.framework in Frameworks */,
				71B6C0A1BF67FEFE8C1EA437 /* libPods-MGDecimalOperationsTests.a in Frameworks */,
			);
			runOnlyForDeploymentPostprocessing = 0;
		};
/* End PBXFrameworksBuildPhase section */

/* Begin PBXGroup section */
		132902176FD5ED5B3AA8B5A9 /* OperationObjects */ = {
			isa = PBXGroup;
			children = (
				13290E5933734EC0C96DDFC6 /* Operators */,
				13290FAD07B58579AE32B95B /* Variables */,
				13290F69BB455931580A5AD5 /* NonValueObjectProtocol.h */,
				132909A0B99EA0F971853927 /* OperationObjectProtocol.h */,
				13290AC490BF9CA19067CE1C /* OperatorProtocol.h */,
			);
			path = OperationObjects;
			sourceTree = "<group>";
		};
		1329025A09051860B4872650 /* SupportingFiles */ = {
			isa = PBXGroup;
			children = (
				132909DB9DB71F036BB04005 /* Info.plist */,
			);
			path = SupportingFiles;
			sourceTree = "<group>";
		};
		132905C29904993700AD0991 /* Converters */ = {
			isa = PBXGroup;
			children = (
				1329075579D2B1F5F00D8B70 /* DecimalConverter.h */,
				13290C051DD460F71EAB2A8D /* DecimalConverter.m */,
				13290760C389599B76D34A92 /* OperationConverter.h */,
				13290DF481910291C035F747 /* OperationConverter.m */,
			);
			path = Converters;
			sourceTree = "<group>";
		};
		132906FE1AE9B667BEFA812C /* DecimalOperations */ = {
			isa = PBXGroup;
			children = (
				132904269B5B4DFAE192B827 /* DecimalOperations.h */,
				132903C40C708E69BFFA5E18 /* DecimalOperations.m */,
				132902FC893A282AD3BE8572 /* OperationCalculator.h */,
				13290AE1A740E76B2B723A22 /* OperationCalculator.m */,
			);
			path = DecimalOperations;
			sourceTree = "<group>";
		};
		13290A45C00BE578A217F0E4 /* SupportingFiles */ = {
			isa = PBXGroup;
			children = (
				1329010D9B24DD6762F01C7E /* Info.plist */,
			);
			path = SupportingFiles;
			sourceTree = "<group>";
		};
		13290B56A520C033253F3AA9 /* TestCase */ = {
			isa = PBXGroup;
			children = (
				13290B0DE6895920C02F108A /* DecimalConverterSpec.m */,
				1329024350ADA44111971C04 /* DecimalOperationsSpec.m */,
				132907B4885074F0C749A3C3 /* OperationCalculatorSpec.m */,
				13290E833DDFDEB6FA7C14CE /* OperationConverterSpec.m */,
				1329042280F5581C262C9ED2 /* OperationValidatorSpec.m */,
				13290DEF479A63318C60C74C /* OperatorFactorySpec.m */,
			);
			path = TestCase;
			sourceTree = "<group>";
		};
		13290CC6B12F82F455F5E69C /* Factory */ = {
			isa = PBXGroup;
			children = (
				13290DBE98BD099230EF1997 /* ErrorFactory.h */,
				13290C62C2826BF4FEED2CA2 /* ErrorFactory.m */,
				1329077D49844603CFC46D4F /* OperatorFactory.h */,
				13290C43AF09CEB35E22E75E /* OperatorFactory.m */,
			);
			path = Factory;
			sourceTree = "<group>";
		};
		13290E5933734EC0C96DDFC6 /* Operators */ = {
			isa = PBXGroup;
			children = (
				13290FA580B93A699503B488 /* AddOperator.h */,
				13290446E9304FC5EC34105D /* AddOperator.m */,
				132907D9457EE7038686E950 /* CloseBracket.h */,
				13290393DA121BFC2A27D6FD /* CloseBracket.m */,
				132909EE13C6DFBDDB692C5B /* DivideOperator.h */,
				13290F5EFE29032EDDC50EF4 /* DivideOperator.m */,
				13290F30D7C180C41E82CE91 /* MultiplyOperator.h */,
				1329098C7DC364F26E3F9C42 /* MultiplyOperator.m */,
				1329079CAE7813E9E9F2A8A1 /* OpenBracket.h */,
				132904C281ADAC40BC7D7F69 /* OpenBracket.m */,
				132901AF2D1AD34B4094AB03 /* SubtractOperator.h */,
				132900FE5B95F69AFF414C48 /* SubtractOperator.m */,
			);
			path = Operators;
			sourceTree = "<group>";
		};
		13290F534612549C887935D3 /* Validators */ = {
			isa = PBXGroup;
			children = (
				132909AB71B05A7B6E2F5D59 /* OperationValidator.h */,
				132902089A57F9AB74084656 /* OperationValidator.m */,
			);
			path = Validators;
			sourceTree = "<group>";
		};
		13290FAD07B58579AE32B95B /* Variables */ = {
			isa = PBXGroup;
			children = (
				132905F071F04F04D72E59B3 /* Variable.h */,
				1329018DE7CE2A623245787D /* Variable.m */,
			);
			path = Variables;
			sourceTree = "<group>";
		};
		AFFF3DE11D6D947500CCA836 = {
			isa = PBXGroup;
			children = (
				F2ACAFECBD9C4C407D1819DA /* Frameworks */,
				AFFF3DED1D6D947600CCA836 /* MGDecimalOperations */,
				AFFF3DF91D6D947600CCA836 /* MGDecimalOperationsTests */,
				E8117577D6B3C8F63EDE2DA7 /* Pods */,
				AFFF3DEC1D6D947600CCA836 /* Products */,
			);
			sourceTree = "<group>";
		};
		AFFF3DEC1D6D947600CCA836 /* Products */ = {
			isa = PBXGroup;
			children = (
				AFFF3DEB1D6D947600CCA836 /* MGDecimalOperations.framework */,
				AFFF3DF51D6D947600CCA836 /* MGDecimalOperationsTests.xctest */,
			);
			name = Products;
			sourceTree = "<group>";
		};
		AFFF3DED1D6D947600CCA836 /* MGDecimalOperations */ = {
			isa = PBXGroup;
			children = (
				132905C29904993700AD0991 /* Converters */,
				132906FE1AE9B667BEFA812C /* DecimalOperations */,
				13290CC6B12F82F455F5E69C /* Factory */,
				132902176FD5ED5B3AA8B5A9 /* OperationObjects */,
				13290A45C00BE578A217F0E4 /* SupportingFiles */,
				13290F534612549C887935D3 /* Validators */,
				AFFF3DEE1D6D947600CCA836 /* MGDecimalOperations.h */,
			);
			path = MGDecimalOperations;
			sourceTree = "<group>";
		};
		AFFF3DF91D6D947600CCA836 /* MGDecimalOperationsTests */ = {
			isa = PBXGroup;
			children = (
				1329025A09051860B4872650 /* SupportingFiles */,
				13290B56A520C033253F3AA9 /* TestCase */,
				AFFF3E051D6D9D6F00CCA836 /* SpecHelper.h */,
			);
			path = MGDecimalOperationsTests;
			sourceTree = "<group>";
		};
		E8117577D6B3C8F63EDE2DA7 /* Pods */ = {
			isa = PBXGroup;
			children = (
				D933CEBA1B9886B56F23D287 /* Pods-MGDecimalOperations.debug.xcconfig */,
				0379EEBDD80E1022B93C3C13 /* Pods-MGDecimalOperations.release.xcconfig */,
				723FCE0BB1F6620AC1748224 /* Pods-MGDecimalOperationsTests.debug.xcconfig */,
				F4757AA39F0E528D4E2428D4 /* Pods-MGDecimalOperationsTests.release.xcconfig */,
			);
			name = Pods;
			sourceTree = "<group>";
		};
		F2ACAFECBD9C4C407D1819DA /* Frameworks */ = {
			isa = PBXGroup;
			children = (
				920FF198002EF69D1C66A690 /* libPods-MGDecimalOperations.a */,
				AE459114C0F3E0AB1A1F7145 /* libPods-MGDecimalOperationsTests.a */,
			);
			name = Frameworks;
			sourceTree = "<group>";
		};
/* End PBXGroup section */

/* Begin PBXHeadersBuildPhase section */
		AFFF3DE81D6D947600CCA836 /* Headers */ = {
			isa = PBXHeadersBuildPhase;
			buildActionMask = 2147483647;
			files = (
				AFFF3DEF1D6D947600CCA836 /* MGDecimalOperations.h in Headers */,
				13290913BA6541FBFC9EC047 /* DecimalOperations.h in Headers */,
				132903CD494ABE4C20FFE2FD /* Variable.h in Headers */,
				13290146457D875E29EA8B42 /* AddOperator.h in Headers */,
				13290C16EC1C85AFC263961F /* MultiplyOperator.h in Headers */,
				13290398E7C26D1909C279C1 /* DivideOperator.h in Headers */,
				13290810C84A5D3DB2B8A058 /* SubtractOperator.h in Headers */,
				132906E292E41A345EF33636 /* OperatorFactory.h in Headers */,
				1329089C1E7F41CF88E37E2C /* ErrorFactory.h in Headers */,
				1329078FBDBA0D7632E22B30 /* OpenBracket.h in Headers */,
				132903D604E54E6D8FF4DB95 /* OperatorProtocol.h in Headers */,
				13290728C272DB64FC10CFF5 /* OperationObjectProtocol.h in Headers */,
				13290C5130D43E6AA171A1CD /* OperationCalculator.h in Headers */,
				1329075D8EE689224E74064A /* DecimalConverter.h in Headers */,
				13290BF9EAB6654C3623B5AB /* OperationConverter.h in Headers */,
				1329030ED26312F8A860C50D /* OperationValidator.h in Headers */,
				13290AF228DAD17B36548412 /* NonValueObjectProtocol.h in Headers */,
				13290D47AB12F7CDD6FBDF84 /* CloseBracket.h in Headers */,
			);
			runOnlyForDeploymentPostprocessing = 0;
		};
/* End PBXHeadersBuildPhase section */

/* Begin PBXNativeTarget section */
		AFFF3DEA1D6D947600CCA836 /* MGDecimalOperations */ = {
			isa = PBXNativeTarget;
			buildConfigurationList = AFFF3DFF1D6D947600CCA836 /* Build configuration list for PBXNativeTarget "MGDecimalOperations" */;
			buildPhases = (
				62F4B549FEF8FD3B14AF16DA /* [CP] Check Pods Manifest.lock */,
				AFFF3DE61D6D947600CCA836 /* Sources */,
				AFFF3DE71D6D947600CCA836 /* Frameworks */,
				AFFF3DE81D6D947600CCA836 /* Headers */,
				AFFF3DE91D6D947600CCA836 /* Resources */,
				88E18C24895B314116E0A9B9 /* [CP] Copy Pods Resources */,
			);
			buildRules = (
			);
			dependencies = (
			);
			name = MGDecimalOperations;
			productName = MGDecimalOperations;
			productReference = AFFF3DEB1D6D947600CCA836 /* MGDecimalOperations.framework */;
			productType = "com.apple.product-type.framework";
		};
		AFFF3DF41D6D947600CCA836 /* MGDecimalOperationsTests */ = {
			isa = PBXNativeTarget;
			buildConfigurationList = AFFF3E021D6D947600CCA836 /* Build configuration list for PBXNativeTarget "MGDecimalOperationsTests" */;
			buildPhases = (
				9F3AD2903E75E0A5BAAD6587 /* [CP] Check Pods Manifest.lock */,
				AFFF3DF11D6D947600CCA836 /* Sources */,
				AFFF3DF21D6D947600CCA836 /* Frameworks */,
				AFFF3DF31D6D947600CCA836 /* Resources */,
				6B3EB5027973A784C49FD85F /* [CP] Embed Pods Frameworks */,
				169122684D9C6686017B2223 /* [CP] Copy Pods Resources */,
			);
			buildRules = (
			);
			dependencies = (
				AFFF3DF81D6D947600CCA836 /* PBXTargetDependency */,
			);
			name = MGDecimalOperationsTests;
			productName = MGDecimalOperationsTests;
			productReference = AFFF3DF51D6D947600CCA836 /* MGDecimalOperationsTests.xctest */;
			productType = "com.apple.product-type.bundle.unit-test";
		};
/* End PBXNativeTarget section */

/* Begin PBXProject section */
		AFFF3DE21D6D947500CCA836 /* Project object */ = {
			isa = PBXProject;
			attributes = {
				LastUpgradeCheck = 0820;
				ORGANIZATIONNAME = "EL Passion";
				TargetAttributes = {
					AFFF3DEA1D6D947600CCA836 = {
						CreatedOnToolsVersion = 7.3.1;
					};
					AFFF3DF41D6D947600CCA836 = {
						CreatedOnToolsVersion = 7.3.1;
						DevelopmentTeam = TC4LDUY2D5;
					};
				};
			};
			buildConfigurationList = AFFF3DE51D6D947500CCA836 /* Build configuration list for PBXProject "MGDecimalOperations" */;
			compatibilityVersion = "Xcode 3.2";
			developmentRegion = English;
			hasScannedForEncodings = 0;
			knownRegions = (
				en,
			);
			mainGroup = AFFF3DE11D6D947500CCA836;
			productRefGroup = AFFF3DEC1D6D947600CCA836 /* Products */;
			projectDirPath = "";
			projectRoot = "";
			targets = (
				AFFF3DEA1D6D947600CCA836 /* MGDecimalOperations */,
				AFFF3DF41D6D947600CCA836 /* MGDecimalOperationsTests */,
			);
		};
/* End PBXProject section */

/* Begin PBXResourcesBuildPhase section */
		AFFF3DE91D6D947600CCA836 /* Resources */ = {
			isa = PBXResourcesBuildPhase;
			buildActionMask = 2147483647;
			files = (
			);
			runOnlyForDeploymentPostprocessing = 0;
		};
		AFFF3DF31D6D947600CCA836 /* Resources */ = {
			isa = PBXResourcesBuildPhase;
			buildActionMask = 2147483647;
			files = (
			);
			runOnlyForDeploymentPostprocessing = 0;
		};
/* End PBXResourcesBuildPhase section */

/* Begin PBXShellScriptBuildPhase section */
		169122684D9C6686017B2223 /* [CP] Copy Pods Resources */ = {
			isa = PBXShellScriptBuildPhase;
			buildActionMask = 2147483647;
			files = (
			);
			inputPaths = (
			);
			name = "[CP] Copy Pods Resources";
			outputPaths = (
			);
			runOnlyForDeploymentPostprocessing = 0;
			shellPath = /bin/sh;
			shellScript = "\"${SRCROOT}/Pods/Target Support Files/Pods-MGDecimalOperationsTests/Pods-MGDecimalOperationsTests-resources.sh\"\n";
			showEnvVarsInLog = 0;
		};
		62F4B549FEF8FD3B14AF16DA /* [CP] Check Pods Manifest.lock */ = {
			isa = PBXShellScriptBuildPhase;
			buildActionMask = 2147483647;
			files = (
			);
			inputPaths = (
			);
			name = "[CP] Check Pods Manifest.lock";
			outputPaths = (
			);
			runOnlyForDeploymentPostprocessing = 0;
			shellPath = /bin/sh;
			shellScript = "diff \"${PODS_ROOT}/../Podfile.lock\" \"${PODS_ROOT}/Manifest.lock\" > /dev/null\nif [[ $? != 0 ]] ; then\n    cat << EOM\nerror: The sandbox is not in sync with the Podfile.lock. Run 'pod install' or update your CocoaPods installation.\nEOM\n    exit 1\nfi\n";
			showEnvVarsInLog = 0;
		};
		6B3EB5027973A784C49FD85F /* [CP] Embed Pods Frameworks */ = {
			isa = PBXShellScriptBuildPhase;
			buildActionMask = 2147483647;
			files = (
			);
			inputPaths = (
			);
			name = "[CP] Embed Pods Frameworks";
			outputPaths = (
			);
			runOnlyForDeploymentPostprocessing = 0;
			shellPath = /bin/sh;
			shellScript = "\"${SRCROOT}/Pods/Target Support Files/Pods-MGDecimalOperationsTests/Pods-MGDecimalOperationsTests-frameworks.sh\"\n";
			showEnvVarsInLog = 0;
		};
		88E18C24895B314116E0A9B9 /* [CP] Copy Pods Resources */ = {
			isa = PBXShellScriptBuildPhase;
			buildActionMask = 2147483647;
			files = (
			);
			inputPaths = (
			);
			name = "[CP] Copy Pods Resources";
			outputPaths = (
			);
			runOnlyForDeploymentPostprocessing = 0;
			shellPath = /bin/sh;
			shellScript = "\"${SRCROOT}/Pods/Target Support Files/Pods-MGDecimalOperations/Pods-MGDecimalOperations-resources.sh\"\n";
			showEnvVarsInLog = 0;
		};
		9F3AD2903E75E0A5BAAD6587 /* [CP] Check Pods Manifest.lock */ = {
			isa = PBXShellScriptBuildPhase;
			buildActionMask = 2147483647;
			files = (
			);
			inputPaths = (
			);
			name = "[CP] Check Pods Manifest.lock";
			outputPaths = (
			);
			runOnlyForDeploymentPostprocessing = 0;
			shellPath = /bin/sh;
			shellScript = "diff \"${PODS_ROOT}/../Podfile.lock\" \"${PODS_ROOT}/Manifest.lock\" > /dev/null\nif [[ $? != 0 ]] ; then\n    cat << EOM\nerror: The sandbox is not in sync with the Podfile.lock. Run 'pod install' or update your CocoaPods installation.\nEOM\n    exit 1\nfi\n";
			showEnvVarsInLog = 0;
		};
/* End PBXShellScriptBuildPhase section */

/* Begin PBXSourcesBuildPhase section */
		AFFF3DE61D6D947600CCA836 /* Sources */ = {
			isa = PBXSourcesBuildPhase;
			buildActionMask = 2147483647;
			files = (
				132901EA839830954E783200 /* Variable.m in Sources */,
				132909417D8955EFACAB4218 /* AddOperator.m in Sources */,
				13290DF2C9790EC482CBBAE3 /* MultiplyOperator.m in Sources */,
				132903C7A33FDFE20A2EB396 /* DivideOperator.m in Sources */,
				13290F0432C303DA8A944A7C /* SubtractOperator.m in Sources */,
				1329063B6F1D7B2DE033A8BA /* OperatorFactory.m in Sources */,
				132907A6885CD59B7F72B5FE /* ErrorFactory.m in Sources */,
				132903D8D365F2085AF318EA /* DecimalOperations.m in Sources */,
				132904B6B127C1938EA7E553 /* OpenBracket.m in Sources */,
				132908E5B48178BB768B27DF /* OperationCalculator.m in Sources */,
				13290E1D324784CB836D6078 /* DecimalConverter.m in Sources */,
				132904F605743EC58CEC1838 /* OperationConverter.m in Sources */,
				13290AAE7FA71FB9AAABB5AB /* OperationValidator.m in Sources */,
				132904058AE69AB76143BB3B /* CloseBracket.m in Sources */,
			);
			runOnlyForDeploymentPostprocessing = 0;
		};
		AFFF3DF11D6D947600CCA836 /* Sources */ = {
			isa = PBXSourcesBuildPhase;
			buildActionMask = 2147483647;
			files = (
				132901BED199B90D7E15BF32 /* DecimalOperationsSpec.m in Sources */,
				132900361CC8F6C3EA2D1B72 /* DecimalConverterSpec.m in Sources */,
				132901008505EAE6BEC9EFEA /* OperationValidatorSpec.m in Sources */,
				132903C3E436ED68DB8803B0 /* OperationConverterSpec.m in Sources */,
				13290994AC4A3F6F6FA8C5EB /* OperationCalculatorSpec.m in Sources */,
				13290A08B5348295891D9B8A /* OperatorFactorySpec.m in Sources */,
			);
			runOnlyForDeploymentPostprocessing = 0;
		};
/* End PBXSourcesBuildPhase section */

/* Begin PBXTargetDependency section */
		AFFF3DF81D6D947600CCA836 /* PBXTargetDependency */ = {
			isa = PBXTargetDependency;
			target = AFFF3DEA1D6D947600CCA836 /* MGDecimalOperations */;
			targetProxy = AFFF3DF71D6D947600CCA836 /* PBXContainerItemProxy */;
		};
/* End PBXTargetDependency section */

/* Begin XCBuildConfiguration section */
		AFFF3DFD1D6D947600CCA836 /* Debug */ = {
			isa = XCBuildConfiguration;
			buildSettings = {
				ALWAYS_SEARCH_USER_PATHS = NO;
				CLANG_ANALYZER_NONNULL = YES;
				CLANG_CXX_LANGUAGE_STANDARD = "gnu++0x";
				CLANG_CXX_LIBRARY = "libc++";
				CLANG_ENABLE_MODULES = YES;
				CLANG_ENABLE_OBJC_ARC = YES;
				CLANG_WARN_BOOL_CONVERSION = YES;
				CLANG_WARN_CONSTANT_CONVERSION = YES;
				CLANG_WARN_DIRECT_OBJC_ISA_USAGE = YES_ERROR;
				CLANG_WARN_EMPTY_BODY = YES;
				CLANG_WARN_ENUM_CONVERSION = YES;
				CLANG_WARN_INFINITE_RECURSION = YES;
				CLANG_WARN_INT_CONVERSION = YES;
				CLANG_WARN_OBJC_ROOT_CLASS = YES_ERROR;
				CLANG_WARN_SUSPICIOUS_MOVE = YES;
				CLANG_WARN_UNREACHABLE_CODE = YES;
				CLANG_WARN__DUPLICATE_METHOD_MATCH = YES;
				"CODE_SIGN_IDENTITY[sdk=iphoneos*]" = "iPhone Developer";
				COPY_PHASE_STRIP = NO;
				CURRENT_PROJECT_VERSION = 1;
				DEBUG_INFORMATION_FORMAT = dwarf;
				ENABLE_STRICT_OBJC_MSGSEND = YES;
				ENABLE_TESTABILITY = YES;
				GCC_C_LANGUAGE_STANDARD = gnu99;
				GCC_DYNAMIC_NO_PIC = NO;
				GCC_NO_COMMON_BLOCKS = YES;
				GCC_OPTIMIZATION_LEVEL = 0;
				GCC_PREPROCESSOR_DEFINITIONS = (
					"DEBUG=1",
					"$(inherited)",
				);
				GCC_WARN_64_TO_32_BIT_CONVERSION = YES;
				GCC_WARN_ABOUT_RETURN_TYPE = YES_ERROR;
				GCC_WARN_UNDECLARED_SELECTOR = YES;
				GCC_WARN_UNINITIALIZED_AUTOS = YES_AGGRESSIVE;
				GCC_WARN_UNUSED_FUNCTION = YES;
				GCC_WARN_UNUSED_VARIABLE = YES;
				IPHONEOS_DEPLOYMENT_TARGET = 8.0;
				MTL_ENABLE_DEBUG_INFO = YES;
				ONLY_ACTIVE_ARCH = YES;
				SDKROOT = iphoneos;
				TARGETED_DEVICE_FAMILY = "1,2";
				VERSIONING_SYSTEM = "apple-generic";
				VERSION_INFO_PREFIX = "";
			};
			name = Debug;
		};
		AFFF3DFE1D6D947600CCA836 /* Release */ = {
			isa = XCBuildConfiguration;
			buildSettings = {
				ALWAYS_SEARCH_USER_PATHS = NO;
				CLANG_ANALYZER_NONNULL = YES;
				CLANG_CXX_LANGUAGE_STANDARD = "gnu++0x";
				CLANG_CXX_LIBRARY = "libc++";
				CLANG_ENABLE_MODULES = YES;
				CLANG_ENABLE_OBJC_ARC = YES;
				CLANG_WARN_BOOL_CONVERSION = YES;
				CLANG_WARN_CONSTANT_CONVERSION = YES;
				CLANG_WARN_DIRECT_OBJC_ISA_USAGE = YES_ERROR;
				CLANG_WARN_EMPTY_BODY = YES;
				CLANG_WARN_ENUM_CONVERSION = YES;
				CLANG_WARN_INFINITE_RECURSION = YES;
				CLANG_WARN_INT_CONVERSION = YES;
				CLANG_WARN_OBJC_ROOT_CLASS = YES_ERROR;
				CLANG_WARN_SUSPICIOUS_MOVE = YES;
				CLANG_WARN_UNREACHABLE_CODE = YES;
				CLANG_WARN__DUPLICATE_METHOD_MATCH = YES;
				"CODE_SIGN_IDENTITY[sdk=iphoneos*]" = "iPhone Developer";
				COPY_PHASE_STRIP = NO;
				CURRENT_PROJECT_VERSION = 1;
				DEBUG_INFORMATION_FORMAT = "dwarf-with-dsym";
				ENABLE_NS_ASSERTIONS = NO;
				ENABLE_STRICT_OBJC_MSGSEND = YES;
				GCC_C_LANGUAGE_STANDARD = gnu99;
				GCC_NO_COMMON_BLOCKS = YES;
				GCC_WARN_64_TO_32_BIT_CONVERSION = YES;
				GCC_WARN_ABOUT_RETURN_TYPE = YES_ERROR;
				GCC_WARN_UNDECLARED_SELECTOR = YES;
				GCC_WARN_UNINITIALIZED_AUTOS = YES_AGGRESSIVE;
				GCC_WARN_UNUSED_FUNCTION = YES;
				GCC_WARN_UNUSED_VARIABLE = YES;
				IPHONEOS_DEPLOYMENT_TARGET = 8.0;
				MTL_ENABLE_DEBUG_INFO = NO;
				SDKROOT = iphoneos;
				TARGETED_DEVICE_FAMILY = "1,2";
				VALIDATE_PRODUCT = YES;
				VERSIONING_SYSTEM = "apple-generic";
				VERSION_INFO_PREFIX = "";
			};
			name = Release;
		};
		AFFF3E001D6D947600CCA836 /* Debug */ = {
			isa = XCBuildConfiguration;
			baseConfigurationReference = D933CEBA1B9886B56F23D287 /* Pods-MGDecimalOperations.debug.xcconfig */;
			buildSettings = {
				CODE_SIGN_IDENTITY = "";
				DEFINES_MODULE = YES;
				DYLIB_COMPATIBILITY_VERSION = 1;
				DYLIB_CURRENT_VERSION = 1;
				DYLIB_INSTALL_NAME_BASE = "@rpath";
				INFOPLIST_FILE = MGDecimalOperations/SupportingFiles/Info.plist;
				INSTALL_PATH = "$(LOCAL_LIBRARY_DIR)/Frameworks";
				LD_RUNPATH_SEARCH_PATHS = "$(inherited) @executable_path/Frameworks @loader_path/Frameworks";
				PRODUCT_BUNDLE_IDENTIFIER = com.elpassion.MGDecimalOperations;
				PRODUCT_NAME = "$(TARGET_NAME)";
				SKIP_INSTALL = YES;
			};
			name = Debug;
		};
		AFFF3E011D6D947600CCA836 /* Release */ = {
			isa = XCBuildConfiguration;
			baseConfigurationReference = 0379EEBDD80E1022B93C3C13 /* Pods-MGDecimalOperations.release.xcconfig */;
			buildSettings = {
				CODE_SIGN_IDENTITY = "";
				DEFINES_MODULE = YES;
				DYLIB_COMPATIBILITY_VERSION = 1;
				DYLIB_CURRENT_VERSION = 1;
				DYLIB_INSTALL_NAME_BASE = "@rpath";
				INFOPLIST_FILE = MGDecimalOperations/SupportingFiles/Info.plist;
				INSTALL_PATH = "$(LOCAL_LIBRARY_DIR)/Frameworks";
				LD_RUNPATH_SEARCH_PATHS = "$(inherited) @executable_path/Frameworks @loader_path/Frameworks";
				PRODUCT_BUNDLE_IDENTIFIER = com.elpassion.MGDecimalOperations;
				PRODUCT_NAME = "$(TARGET_NAME)";
				SKIP_INSTALL = YES;
			};
			name = Release;
		};
		AFFF3E031D6D947600CCA836 /* Debug */ = {
			isa = XCBuildConfiguration;
			baseConfigurationReference = 723FCE0BB1F6620AC1748224 /* Pods-MGDecimalOperationsTests.debug.xcconfig */;
			buildSettings = {
				INFOPLIST_FILE = MGDecimalOperationsTests/SupportingFiles/Info.plist;
				LD_RUNPATH_SEARCH_PATHS = "$(inherited) @executable_path/Frameworks @loader_path/Frameworks";
				PRODUCT_BUNDLE_IDENTIFIER = com.elpassion.MGDecimalOperationsTests;
				PRODUCT_NAME = "$(TARGET_NAME)";
			};
			name = Debug;
		};
		AFFF3E041D6D947600CCA836 /* Release */ = {
			isa = XCBuildConfiguration;
			baseConfigurationReference = F4757AA39F0E528D4E2428D4 /* Pods-MGDecimalOperationsTests.release.xcconfig */;
			buildSettings = {
				INFOPLIST_FILE = MGDecimalOperationsTests/SupportingFiles/Info.plist;
				LD_RUNPATH_SEARCH_PATHS = "$(inherited) @executable_path/Frameworks @loader_path/Frameworks";
				PRODUCT_BUNDLE_IDENTIFIER = com.elpassion.MGDecimalOperationsTests;
				PRODUCT_NAME = "$(TARGET_NAME)";
			};
			name = Release;
		};
/* End XCBuildConfiguration section */

/* Begin XCConfigurationList section */
		AFFF3DE51D6D947500CCA836 /* Build configuration list for PBXProject "MGDecimalOperations" */ = {
			isa = XCConfigurationList;
			buildConfigurations = (
				AFFF3DFD1D6D947600CCA836 /* Debug */,
				AFFF3DFE1D6D947600CCA836 /* Release */,
			);
			defaultConfigurationIsVisible = 0;
			defaultConfigurationName = Release;
		};
		AFFF3DFF1D6D947600CCA836 /* Build configuration list for PBXNativeTarget "MGDecimalOperations" */ = {
			isa = XCConfigurationList;
			buildConfigurations = (
				AFFF3E001D6D947600CCA836 /* Debug */,
				AFFF3E011D6D947600CCA836 /* Release */,
			);
			defaultConfigurationIsVisible = 0;
			defaultConfigurationName = Release;
		};
		AFFF3E021D6D947600CCA836 /* Build configuration list for PBXNativeTarget "MGDecimalOperationsTests" */ = {
			isa = XCConfigurationList;
			buildConfigurations = (
				AFFF3E031D6D947600CCA836 /* Debug */,
				AFFF3E041D6D947600CCA836 /* Release */,
			);
			defaultConfigurationIsVisible = 0;
			defaultConfigurationName = Release;
		};
/* End XCConfigurationList section */
	};
	rootObject = AFFF3DE21D6D947500CCA836 /* Project object */;
}
